
Microsoft Visual Studio Solution File, Format Version 12.00
# Visual Studio Version 17
VisualStudioVersion = 17.11.35312.102
MinimumVisualStudioVersion = 10.0.40219.1
Project("{FAE04EC0-301F-11D3-BF4B-00C04F79EFBC}") = "ht-csharp-dotnet8", "ht-csharp-dotnet8\ht-csharp-dotnet8.csproj", "{15D4BC48-A753-45D2-96DE-D3A4BC876878}"
EndProject
Global
	GlobalSection(SolutionConfigurationPlatforms) = preSolution
		Debug|Any CPU = Debug|Any CPU
		Release|Any CPU = Release|Any CPU
	EndGlobalSection
	GlobalSection(ProjectConfigurationPlatforms) = postSolution
		{15D4BC48-A753-45D2-96DE-D3A4BC876878}.Debug|Any CPU.ActiveCfg = Debug|Any CPU
		{15D4BC48-A753-45D2-96DE-D3A4BC876878}.Debug|Any CPU.Build.0 = Debug|Any CPU
		{15D4BC48-A753-45D2-96DE-D3A4BC876878}.Release|Any CPU.ActiveCfg = Release|Any CPU
		{15D4BC48-A753-45D2-96DE-D3A4BC876878}.Release|Any CPU.Build.0 = Release|Any CPU
	EndGlobalSection
	GlobalSection(SolutionProperties) = preSolution
		HideSolutionNode = FALSE
	EndGlobalSection
	GlobalSection(ExtensibilityGlobals) = postSolution
		SolutionGuid = {67E65DE3-3478-4E41-8712-0FFFE8F9A417}
	EndGlobalSection
EndGlobal
